
Microsoft Visual Studio Solution File, Format Version 12.00
# Visual Studio Version 16
VisualStudioVersion = 16.0.32228.343
MinimumVisualStudioVersion = 10.0.40219.1
Project("{2150E333-8FDC-42A3-9474-1A3956D46DE8}") = "Chapter02", "Chapter02", "{EE02FA73-5017-4778-8A38-D9554CD6A23F}"
EndProject
Project("{FAE04EC0-301F-11D3-BF4B-00C04F79EFBC}") = "DistanceConverter", "Chapter02\DistanceConverter\DistanceConverter.csproj", "{6BB5C0A0-43DA-4B57-A161-161A7D2B33B4}"
EndProject
Project("{FAE04EC0-301F-11D3-BF4B-00C04F79EFBC}") = "SalesCalcuulater", "Chapter02\SalesCalcuulater\SalesCalcuulater.csproj", "{F4F5FB0E-C407-4D9B-AA79-C5214F4E73D8}"
EndProject
Project("{FAE04EC0-301F-11D3-BF4B-00C04F79EFBC}") = "Exercise", "Chapter02\Exercise\Exercise.csproj", "{69C9A32E-112E-4B07-81B3-E1BDF7B7C63D}"
EndProject
Project("{FAE04EC0-301F-11D3-BF4B-00C04F79EFBC}") = "Exercise02", "Chapter02\Exersise02\Exercise02.csproj", "{779EE486-49A6-4087-9B77-3FD1E7D220B6}"
EndProject
Project("{FAE04EC0-301F-11D3-BF4B-00C04F79EFBC}") = "Exercise03", "Chapter02\Exercise03\Exercise03.csproj", "{52229648-9B26-49F4-822A-BE94F3F64E92}"
EndProject
Project("{2150E333-8FDC-42A3-9474-1A3956D46DE8}") = "Chapter03", "Chapter03", "{426C85C3-6658-432C-AE3C-C32811E84328}"
EndProject
Project("{FAE04EC0-301F-11D3-BF4B-00C04F79EFBC}") = "Section01", "chapter03\Section01\Section01.csproj", "{B22D86B3-BF50-411C-BBCA-3B1530F71C75}"
EndProject
Project("{FAE04EC0-301F-11D3-BF4B-00C04F79EFBC}") = "Exercise01", "Chapter03\Exercise01\Exercise01.csproj", "{4D69A192-6F40-4A6A-BBB2-77EA1237C6AF}"
EndProject
Project("{FAE04EC0-301F-11D3-BF4B-00C04F79EFBC}") = "Section04", "Chapter03\Section04\Section04.csproj", "{B1B85E00-7FD1-4A84-BD27-9DB5A22AD5ED}"
EndProject
Project("{FAE04EC0-301F-11D3-BF4B-00C04F79EFBC}") = "Exercise02", "Chapter03\Exercise02\Exercise02.csproj", "{75B48372-5ACC-4CFF-99DD-8A798E499C54}"
EndProject
Project("{2150E333-8FDC-42A3-9474-1A3956D46DE8}") = "Chapter04", "Chapter04", "{5E9616DE-9747-4D57-9BD0-72473D2EFD6E}"
EndProject
Project("{FAE04EC0-301F-11D3-BF4B-00C04F79EFBC}") = "Exercise01", "Chapter04\Exercise01\Exercise01.csproj", "{D6D0CA04-5C69-4853-BA12-2F40EFE73690}"
EndProject
Project("{FAE04EC0-301F-11D3-BF4B-00C04F79EFBC}") = "Exercise02", "Chapter04\Exercise02\Exercise02.csproj", "{6AB67DAF-D832-4771-96A5-77E859E1F33D}"
EndProject
Project("{2150E333-8FDC-42A3-9474-1A3956D46DE8}") = "Chapter05", "Chapter05", "{46BE15F6-C589-40F5-B5AF-CF0306DB9459}"
EndProject
Project("{FAE04EC0-301F-11D3-BF4B-00C04F79EFBC}") = "Exercise01", "Chapter05\Exercise01\Exercise01.csproj", "{F4C01D55-BC25-4374-8AF1-9090AE34B6B0}"
EndProject
Project("{FAE04EC0-301F-11D3-BF4B-00C04F79EFBC}") = "Exercise02", "Chapter05\Exercise02\Exercise02.csproj", "{FF12C81D-5AB1-4C26-8FA0-79C688F9D5C5}"
EndProject
Project("{FAE04EC0-301F-11D3-BF4B-00C04F79EFBC}") = "Exercise03", "Chapter05\Exercise03\Exercise03.csproj", "{38008732-6895-4FA9-B239-F366A5AD4ED2}"
EndProject
Project("{FAE04EC0-301F-11D3-BF4B-00C04F79EFBC}") = "Exercise04", "Chapter05\Exercise04\Exercise04.csproj", "{3AE96E4B-C09E-4325-B9A0-1E6763D82C6B}"
EndProject
Project("{2150E333-8FDC-42A3-9474-1A3956D46DE8}") = "Chapter06", "Chapter06", "{026215BC-BB8C-4454-A421-34047583FC01}"
EndProject
Project("{FAE04EC0-301F-11D3-BF4B-00C04F79EFBC}") = "Exercise01", "Chapter06\Exercise01\Exercise01.csproj", "{738FC9FA-24F9-4B87-B63C-768B0D97F0FF}"
EndProject
Project("{FAE04EC0-301F-11D3-BF4B-00C04F79EFBC}") = "Exercise02", "Chapter06\Exercise02\Exercise02.csproj", "{AF22D2A9-D404-448A-88DA-E52A86C00AD1}"
EndProject
Project("{2150E333-8FDC-42A3-9474-1A3956D46DE8}") = "FormAppSample", "FormAppSample", "{8DE2D8B5-63F1-4616-8137-D2F135D63188}"
EndProject
Project("{FAE04EC0-301F-11D3-BF4B-00C04F79EFBC}") = "Sample0603", "FormAppSample\Sample0603\Sample0603.csproj", "{591BE359-2FE3-4B3B-A30D-D31651BA484D}"
EndProject
Project("{FAE04EC0-301F-11D3-BF4B-00C04F79EFBC}") = "Sample0607", "FormAppSample\Sample0607\Sample0607.csproj", "{FBA0D76F-C0BA-453A-97F3-2EF959F530B7}"
EndProject
Project("{FAE04EC0-301F-11D3-BF4B-00C04F79EFBC}") = "NumberGame", "FormAppSample\NumberGame\NumberGame.csproj", "{CF2F384A-7043-4476-8AAA-F1512E8831B2}"
EndProject
Project("{FAE04EC0-301F-11D3-BF4B-00C04F79EFBC}") = "AddressBook", "FormAppSample\AddressBook\AddressBook.csproj", "{4BEB1795-E735-4E86-B928-7C9ACA440D4C}"
EndProject
Project("{2150E333-8FDC-42A3-9474-1A3956D46DE8}") = "Test202206", "Test202206", "{D685AAA2-55E1-45CF-AF8E-C9FC2EEA07FE}"
EndProject
Project("{FAE04EC0-301F-11D3-BF4B-00C04F79EFBC}") = "Test01", "Test202206\TestProject\Test01\Test01.csproj", "{2BFACDC3-F44D-4199-8498-F5C3C4AC0335}"
EndProject
Project("{FAE04EC0-301F-11D3-BF4B-00C04F79EFBC}") = "Test02", "Test202206\TestProject\Test02\Test02.csproj", "{E461C0A8-8900-485C-B520-E929BA33F712}"
EndProject
Project("{2150E333-8FDC-42A3-9474-1A3956D46DE8}") = "Chapter11", "Chapter11", "{3B74048A-AC5D-4345-83BC-C3CA41D2649A}"
EndProject
Project("{FAE04EC0-301F-11D3-BF4B-00C04F79EFBC}") = "XmlSample", "Chapter11\XmlSample\XmlSample.csproj", "{074507D6-0601-4336-8583-F29E52C3DE84}"
EndProject
Project("{FAE04EC0-301F-11D3-BF4B-00C04F79EFBC}") = "RssReader", "Chapter11\RssReader\RssReader.csproj", "{DED4AD5A-0666-4CBC-A562-CC971822CB01}"
EndProject
Project("{FAE04EC0-301F-11D3-BF4B-00C04F79EFBC}") = "Exercise1", "Chapter11\Exercise1\Exercise1\Exercise1.csproj", "{96519D05-CCDB-4A59-A681-E6C4F0F9CD18}"
EndProject
Project("{2150E333-8FDC-42A3-9474-1A3956D46DE8}") = "Chapter12", "Chapter12", "{D37A3913-D8DD-47F0-AE36-65E76FE70A94}"
EndProject
Project("{FAE04EC0-301F-11D3-BF4B-00C04F79EFBC}") = "Section01", "Chapter12\Section01\Section01.csproj", "{F00620AF-88C5-48F7-AA91-F5DBC7FDC399}"
EndProject
Project("{FAE04EC0-301F-11D3-BF4B-00C04F79EFBC}") = "Section02", "Chapter12\Section02\Section02.csproj", "{AEDEBAF3-DAC7-4DA4-B779-2DEA2D8FE11B}"
EndProject
Project("{FAE04EC0-301F-11D3-BF4B-00C04F79EFBC}") = "Exercise01", "Chapter12\Exercise01\Exercise01.csproj", "{D6B2D1C1-8E50-4B74-A468-AF9BAA345815}"
EndProject
Project("{FAE04EC0-301F-11D3-BF4B-00C04F79EFBC}") = "Exercise02", "Chapter12\Exercise02\Exercise02.csproj", "{89DA19F3-A1F1-4621-A85F-ECAACD58822A}"
EndProject
Project("{2150E333-8FDC-42A3-9474-1A3956D46DE8}") = "CarReportSystem", "CarReportSystem", "{B6C5C4B2-1949-4406-8DE4-8D1E5AE42D3D}"
EndProject
Project("{FAE04EC0-301F-11D3-BF4B-00C04F79EFBC}") = "CarReportSystem", "CarReportSystem\CarReportSystem\CarReportSystem.csproj", "{FECBABCD-708C-4792-B924-402CD924183B}"
EndProject
Project("{2150E333-8FDC-42A3-9474-1A3956D46DE8}") = "DesignPattern", "DesignPattern", "{4CAA8632-CA3B-4953-B7F3-83AD9A3C7CD6}"
EndProject
Project("{FAE04EC0-301F-11D3-BF4B-00C04F79EFBC}") = "SingletonSample", "DesignPattern\SingletonSample\SingletonSample.csproj", "{889DB3BC-ECDE-4DBD-A615-D19684922B17}"
EndProject
Project("{2150E333-8FDC-42A3-9474-1A3956D46DE8}") = "Chapter17", "Chapter17", "{D1A4CD8C-A3A2-4D2E-B1A0-37F6EC183C25}"
EndProject
Project("{FAE04EC0-301F-11D3-BF4B-00C04F79EFBC}") = "Section01", "Chapter17\Section01\Section01.csproj", "{96053B5B-171C-4353-AA05-BD96DFF31DD1}"
EndProject
Project("{2150E333-8FDC-42A3-9474-1A3956D46DE8}") = "TemplateMethod", "TemplateMethod", "{5B76A99F-0313-4068-9C70-B72378DEEC31}"
EndProject
Project("{FAE04EC0-301F-11D3-BF4B-00C04F79EFBC}") = "TextFileProcessor", "Chapter17\TemplateMethod\TextFileProcessor\TextFileProcessor.csproj", "{EF79D78D-1F92-45BC-8E71-CABD49179AA7}"
EndProject
Project("{FAE04EC0-301F-11D3-BF4B-00C04F79EFBC}") = "LineCounter", "Chapter17\TemplateMethod\LineCounter\LineCounter.csproj", "{9A6B1630-3A78-4621-AC08-3D28419C27FF}"
EndProject
Project("{FAE04EC0-301F-11D3-BF4B-00C04F79EFBC}") = "Exercise1", "Chapter17\Exercise1\Exercise1\Exercise1.csproj", "{F2E87879-4927-4A6B-AAC1-922E2667AE17}"
EndProject
Project("{2150E333-8FDC-42A3-9474-1A3956D46DE8}") = "Strategy", "Strategy", "{CFCA8344-85FE-4DCB-9268-A38AAB3A39C3}"
EndProject
Project("{FAE04EC0-301F-11D3-BF4B-00C04F79EFBC}") = "DistanceConverter", "Chapter17\Strategy\DistanceConverter\DistanceConverter.csproj", "{F72C8610-90E8-41C2-883E-153AFAC4C988}"
EndProject
Project("{2150E333-8FDC-42A3-9474-1A3956D46DE8}") = "ADONET", "ADONET", "{82725BE9-7572-4B4E-93D8-089CC2BDF37D}"
EndProject
Project("{FAE04EC0-301F-11D3-BF4B-00C04F79EFBC}") = "DataBaseSample", "ADONET\DataBaseSample\DataBaseSample.csproj", "{F6D1C82A-4DD9-4FAA-BC52-684135967FB4}"
EndProject
Project("{FAE04EC0-301F-11D3-BF4B-00C04F79EFBC}") = "AddressBook", "ADONET\AddressBook\AddressBook.csproj", "{D97CF67E-1674-43F9-B930-2C3089A94957}"
EndProject
Project("{2150E333-8FDC-42A3-9474-1A3956D46DE8}") = "Chapter13", "Chapter13", "{EDB82847-AD48-4544-BCFA-B42A20966775}"
EndProject
Project("{FAE04EC0-301F-11D3-BF4B-00C04F79EFBC}") = "SampleEntityFramework", "Chapter13\SampleEntityFramework\SampleEntityFramework.csproj", "{838C6D65-0449-4A28-A678-4980B6273037}"
EndProject
Project("{2150E333-8FDC-42A3-9474-1A3956D46DE8}") = "Chapter15", "Chapter15", "{E3E8BFDB-3398-42EE-A4F6-5F167476DEE4}"
EndProject
Project("{FAE04EC0-301F-11D3-BF4B-00C04F79EFBC}") = "Chapter15", "Chapter15\Chapter15\Chapter15.csproj", "{7921FF4D-EAC6-47B3-8147-2A466F65CE15}"
EndProject
Project("{FAE04EC0-301F-11D3-BF4B-00C04F79EFBC}") = "Exercise1", "Chapter15\Exercise1\Exercise1.csproj", "{DDE58F76-9AA7-4608-8A59-157C99563515}"
EndProject
Project("{2150E333-8FDC-42A3-9474-1A3956D46DE8}") = "WPF", "WPF", "{B2DEC83A-FEB8-4721-9CD4-B37A67400E98}"
EndProject
Project("{FAE04EC0-301F-11D3-BF4B-00C04F79EFBC}") = "SampleApplication", "WPF\SampleApplication\SampleApplication.csproj", "{D79EDB5A-6F37-45D7-9FEC-76C096325108}"
EndProject
Global
	GlobalSection(SolutionConfigurationPlatforms) = preSolution
		Debug|Any CPU = Debug|Any CPU
		Release|Any CPU = Release|Any CPU
	EndGlobalSection
	GlobalSection(ProjectConfigurationPlatforms) = postSolution
		{6BB5C0A0-43DA-4B57-A161-161A7D2B33B4}.Debug|Any CPU.ActiveCfg = Debug|Any CPU
		{6BB5C0A0-43DA-4B57-A161-161A7D2B33B4}.Debug|Any CPU.Build.0 = Debug|Any CPU
		{6BB5C0A0-43DA-4B57-A161-161A7D2B33B4}.Release|Any CPU.ActiveCfg = Release|Any CPU
		{6BB5C0A0-43DA-4B57-A161-161A7D2B33B4}.Release|Any CPU.Build.0 = Release|Any CPU
		{F4F5FB0E-C407-4D9B-AA79-C5214F4E73D8}.Debug|Any CPU.ActiveCfg = Debug|Any CPU
		{F4F5FB0E-C407-4D9B-AA79-C5214F4E73D8}.Debug|Any CPU.Build.0 = Debug|Any CPU
		{F4F5FB0E-C407-4D9B-AA79-C5214F4E73D8}.Release|Any CPU.ActiveCfg = Release|Any CPU
		{F4F5FB0E-C407-4D9B-AA79-C5214F4E73D8}.Release|Any CPU.Build.0 = Release|Any CPU
		{69C9A32E-112E-4B07-81B3-E1BDF7B7C63D}.Debug|Any CPU.ActiveCfg = Debug|Any CPU
		{69C9A32E-112E-4B07-81B3-E1BDF7B7C63D}.Debug|Any CPU.Build.0 = Debug|Any CPU
		{69C9A32E-112E-4B07-81B3-E1BDF7B7C63D}.Release|Any CPU.ActiveCfg = Release|Any CPU
		{69C9A32E-112E-4B07-81B3-E1BDF7B7C63D}.Release|Any CPU.Build.0 = Release|Any CPU
		{779EE486-49A6-4087-9B77-3FD1E7D220B6}.Debug|Any CPU.ActiveCfg = Debug|Any CPU
		{779EE486-49A6-4087-9B77-3FD1E7D220B6}.Debug|Any CPU.Build.0 = Debug|Any CPU
		{779EE486-49A6-4087-9B77-3FD1E7D220B6}.Release|Any CPU.ActiveCfg = Release|Any CPU
		{779EE486-49A6-4087-9B77-3FD1E7D220B6}.Release|Any CPU.Build.0 = Release|Any CPU
		{52229648-9B26-49F4-822A-BE94F3F64E92}.Debug|Any CPU.ActiveCfg = Debug|Any CPU
		{52229648-9B26-49F4-822A-BE94F3F64E92}.Debug|Any CPU.Build.0 = Debug|Any CPU
		{52229648-9B26-49F4-822A-BE94F3F64E92}.Release|Any CPU.ActiveCfg = Release|Any CPU
		{52229648-9B26-49F4-822A-BE94F3F64E92}.Release|Any CPU.Build.0 = Release|Any CPU
		{B22D86B3-BF50-411C-BBCA-3B1530F71C75}.Debug|Any CPU.ActiveCfg = Debug|Any CPU
		{B22D86B3-BF50-411C-BBCA-3B1530F71C75}.Debug|Any CPU.Build.0 = Debug|Any CPU
		{B22D86B3-BF50-411C-BBCA-3B1530F71C75}.Release|Any CPU.ActiveCfg = Release|Any CPU
		{B22D86B3-BF50-411C-BBCA-3B1530F71C75}.Release|Any CPU.Build.0 = Release|Any CPU
		{4D69A192-6F40-4A6A-BBB2-77EA1237C6AF}.Debug|Any CPU.ActiveCfg = Debug|Any CPU
		{4D69A192-6F40-4A6A-BBB2-77EA1237C6AF}.Debug|Any CPU.Build.0 = Debug|Any CPU
		{4D69A192-6F40-4A6A-BBB2-77EA1237C6AF}.Release|Any CPU.ActiveCfg = Release|Any CPU
		{4D69A192-6F40-4A6A-BBB2-77EA1237C6AF}.Release|Any CPU.Build.0 = Release|Any CPU
		{B1B85E00-7FD1-4A84-BD27-9DB5A22AD5ED}.Debug|Any CPU.ActiveCfg = Debug|Any CPU
		{B1B85E00-7FD1-4A84-BD27-9DB5A22AD5ED}.Debug|Any CPU.Build.0 = Debug|Any CPU
		{B1B85E00-7FD1-4A84-BD27-9DB5A22AD5ED}.Release|Any CPU.ActiveCfg = Release|Any CPU
		{B1B85E00-7FD1-4A84-BD27-9DB5A22AD5ED}.Release|Any CPU.Build.0 = Release|Any CPU
		{75B48372-5ACC-4CFF-99DD-8A798E499C54}.Debug|Any CPU.ActiveCfg = Debug|Any CPU
		{75B48372-5ACC-4CFF-99DD-8A798E499C54}.Debug|Any CPU.Build.0 = Debug|Any CPU
		{75B48372-5ACC-4CFF-99DD-8A798E499C54}.Release|Any CPU.ActiveCfg = Release|Any CPU
		{75B48372-5ACC-4CFF-99DD-8A798E499C54}.Release|Any CPU.Build.0 = Release|Any CPU
		{D6D0CA04-5C69-4853-BA12-2F40EFE73690}.Debug|Any CPU.ActiveCfg = Debug|Any CPU
		{D6D0CA04-5C69-4853-BA12-2F40EFE73690}.Debug|Any CPU.Build.0 = Debug|Any CPU
		{D6D0CA04-5C69-4853-BA12-2F40EFE73690}.Release|Any CPU.ActiveCfg = Release|Any CPU
		{D6D0CA04-5C69-4853-BA12-2F40EFE73690}.Release|Any CPU.Build.0 = Release|Any CPU
		{6AB67DAF-D832-4771-96A5-77E859E1F33D}.Debug|Any CPU.ActiveCfg = Debug|Any CPU
		{6AB67DAF-D832-4771-96A5-77E859E1F33D}.Debug|Any CPU.Build.0 = Debug|Any CPU
		{6AB67DAF-D832-4771-96A5-77E859E1F33D}.Release|Any CPU.ActiveCfg = Release|Any CPU
		{6AB67DAF-D832-4771-96A5-77E859E1F33D}.Release|Any CPU.Build.0 = Release|Any CPU
		{F4C01D55-BC25-4374-8AF1-9090AE34B6B0}.Debug|Any CPU.ActiveCfg = Debug|Any CPU
		{F4C01D55-BC25-4374-8AF1-9090AE34B6B0}.Debug|Any CPU.Build.0 = Debug|Any CPU
		{F4C01D55-BC25-4374-8AF1-9090AE34B6B0}.Release|Any CPU.ActiveCfg = Release|Any CPU
		{F4C01D55-BC25-4374-8AF1-9090AE34B6B0}.Release|Any CPU.Build.0 = Release|Any CPU
		{FF12C81D-5AB1-4C26-8FA0-79C688F9D5C5}.Debug|Any CPU.ActiveCfg = Debug|Any CPU
		{FF12C81D-5AB1-4C26-8FA0-79C688F9D5C5}.Debug|Any CPU.Build.0 = Debug|Any CPU
		{FF12C81D-5AB1-4C26-8FA0-79C688F9D5C5}.Release|Any CPU.ActiveCfg = Release|Any CPU
		{FF12C81D-5AB1-4C26-8FA0-79C688F9D5C5}.Release|Any CPU.Build.0 = Release|Any CPU
		{38008732-6895-4FA9-B239-F366A5AD4ED2}.Debug|Any CPU.ActiveCfg = Debug|Any CPU
		{38008732-6895-4FA9-B239-F366A5AD4ED2}.Debug|Any CPU.Build.0 = Debug|Any CPU
		{38008732-6895-4FA9-B239-F366A5AD4ED2}.Release|Any CPU.ActiveCfg = Release|Any CPU
		{38008732-6895-4FA9-B239-F366A5AD4ED2}.Release|Any CPU.Build.0 = Release|Any CPU
		{3AE96E4B-C09E-4325-B9A0-1E6763D82C6B}.Debug|Any CPU.ActiveCfg = Debug|Any CPU
		{3AE96E4B-C09E-4325-B9A0-1E6763D82C6B}.Debug|Any CPU.Build.0 = Debug|Any CPU
		{3AE96E4B-C09E-4325-B9A0-1E6763D82C6B}.Release|Any CPU.ActiveCfg = Release|Any CPU
		{3AE96E4B-C09E-4325-B9A0-1E6763D82C6B}.Release|Any CPU.Build.0 = Release|Any CPU
		{738FC9FA-24F9-4B87-B63C-768B0D97F0FF}.Debug|Any CPU.ActiveCfg = Debug|Any CPU
		{738FC9FA-24F9-4B87-B63C-768B0D97F0FF}.Debug|Any CPU.Build.0 = Debug|Any CPU
		{738FC9FA-24F9-4B87-B63C-768B0D97F0FF}.Release|Any CPU.ActiveCfg = Release|Any CPU
		{738FC9FA-24F9-4B87-B63C-768B0D97F0FF}.Release|Any CPU.Build.0 = Release|Any CPU
		{AF22D2A9-D404-448A-88DA-E52A86C00AD1}.Debug|Any CPU.ActiveCfg = Debug|Any CPU
		{AF22D2A9-D404-448A-88DA-E52A86C00AD1}.Debug|Any CPU.Build.0 = Debug|Any CPU
		{AF22D2A9-D404-448A-88DA-E52A86C00AD1}.Release|Any CPU.ActiveCfg = Release|Any CPU
		{AF22D2A9-D404-448A-88DA-E52A86C00AD1}.Release|Any CPU.Build.0 = Release|Any CPU
		{591BE359-2FE3-4B3B-A30D-D31651BA484D}.Debug|Any CPU.ActiveCfg = Debug|Any CPU
		{591BE359-2FE3-4B3B-A30D-D31651BA484D}.Debug|Any CPU.Build.0 = Debug|Any CPU
		{591BE359-2FE3-4B3B-A30D-D31651BA484D}.Release|Any CPU.ActiveCfg = Release|Any CPU
		{591BE359-2FE3-4B3B-A30D-D31651BA484D}.Release|Any CPU.Build.0 = Release|Any CPU
		{FBA0D76F-C0BA-453A-97F3-2EF959F530B7}.Debug|Any CPU.ActiveCfg = Debug|Any CPU
		{FBA0D76F-C0BA-453A-97F3-2EF959F530B7}.Debug|Any CPU.Build.0 = Debug|Any CPU
		{FBA0D76F-C0BA-453A-97F3-2EF959F530B7}.Release|Any CPU.ActiveCfg = Release|Any CPU
		{FBA0D76F-C0BA-453A-97F3-2EF959F530B7}.Release|Any CPU.Build.0 = Release|Any CPU
		{CF2F384A-7043-4476-8AAA-F1512E8831B2}.Debug|Any CPU.ActiveCfg = Debug|Any CPU
		{CF2F384A-7043-4476-8AAA-F1512E8831B2}.Debug|Any CPU.Build.0 = Debug|Any CPU
		{CF2F384A-7043-4476-8AAA-F1512E8831B2}.Release|Any CPU.ActiveCfg = Release|Any CPU
		{CF2F384A-7043-4476-8AAA-F1512E8831B2}.Release|Any CPU.Build.0 = Release|Any CPU
		{4BEB1795-E735-4E86-B928-7C9ACA440D4C}.Debug|Any CPU.ActiveCfg = Debug|Any CPU
		{4BEB1795-E735-4E86-B928-7C9ACA440D4C}.Debug|Any CPU.Build.0 = Debug|Any CPU
		{4BEB1795-E735-4E86-B928-7C9ACA440D4C}.Release|Any CPU.ActiveCfg = Release|Any CPU
		{4BEB1795-E735-4E86-B928-7C9ACA440D4C}.Release|Any CPU.Build.0 = Release|Any CPU
		{2BFACDC3-F44D-4199-8498-F5C3C4AC0335}.Debug|Any CPU.ActiveCfg = Debug|Any CPU
		{2BFACDC3-F44D-4199-8498-F5C3C4AC0335}.Debug|Any CPU.Build.0 = Debug|Any CPU
		{2BFACDC3-F44D-4199-8498-F5C3C4AC0335}.Release|Any CPU.ActiveCfg = Release|Any CPU
		{2BFACDC3-F44D-4199-8498-F5C3C4AC0335}.Release|Any CPU.Build.0 = Release|Any CPU
		{E461C0A8-8900-485C-B520-E929BA33F712}.Debug|Any CPU.ActiveCfg = Debug|Any CPU
		{E461C0A8-8900-485C-B520-E929BA33F712}.Debug|Any CPU.Build.0 = Debug|Any CPU
		{E461C0A8-8900-485C-B520-E929BA33F712}.Release|Any CPU.ActiveCfg = Release|Any CPU
		{E461C0A8-8900-485C-B520-E929BA33F712}.Release|Any CPU.Build.0 = Release|Any CPU
		{074507D6-0601-4336-8583-F29E52C3DE84}.Debug|Any CPU.ActiveCfg = Debug|Any CPU
		{074507D6-0601-4336-8583-F29E52C3DE84}.Debug|Any CPU.Build.0 = Debug|Any CPU
		{074507D6-0601-4336-8583-F29E52C3DE84}.Release|Any CPU.ActiveCfg = Release|Any CPU
		{074507D6-0601-4336-8583-F29E52C3DE84}.Release|Any CPU.Build.0 = Release|Any CPU
		{DED4AD5A-0666-4CBC-A562-CC971822CB01}.Debug|Any CPU.ActiveCfg = Debug|Any CPU
		{DED4AD5A-0666-4CBC-A562-CC971822CB01}.Debug|Any CPU.Build.0 = Debug|Any CPU
		{DED4AD5A-0666-4CBC-A562-CC971822CB01}.Release|Any CPU.ActiveCfg = Release|Any CPU
		{DED4AD5A-0666-4CBC-A562-CC971822CB01}.Release|Any CPU.Build.0 = Release|Any CPU
		{96519D05-CCDB-4A59-A681-E6C4F0F9CD18}.Debug|Any CPU.ActiveCfg = Debug|Any CPU
		{96519D05-CCDB-4A59-A681-E6C4F0F9CD18}.Debug|Any CPU.Build.0 = Debug|Any CPU
		{96519D05-CCDB-4A59-A681-E6C4F0F9CD18}.Release|Any CPU.ActiveCfg = Release|Any CPU
		{96519D05-CCDB-4A59-A681-E6C4F0F9CD18}.Release|Any CPU.Build.0 = Release|Any CPU
		{F00620AF-88C5-48F7-AA91-F5DBC7FDC399}.Debug|Any CPU.ActiveCfg = Debug|Any CPU
		{F00620AF-88C5-48F7-AA91-F5DBC7FDC399}.Debug|Any CPU.Build.0 = Debug|Any CPU
		{F00620AF-88C5-48F7-AA91-F5DBC7FDC399}.Release|Any CPU.ActiveCfg = Release|Any CPU
		{F00620AF-88C5-48F7-AA91-F5DBC7FDC399}.Release|Any CPU.Build.0 = Release|Any CPU
		{AEDEBAF3-DAC7-4DA4-B779-2DEA2D8FE11B}.Debug|Any CPU.ActiveCfg = Debug|Any CPU
		{AEDEBAF3-DAC7-4DA4-B779-2DEA2D8FE11B}.Debug|Any CPU.Build.0 = Debug|Any CPU
		{AEDEBAF3-DAC7-4DA4-B779-2DEA2D8FE11B}.Release|Any CPU.ActiveCfg = Release|Any CPU
		{AEDEBAF3-DAC7-4DA4-B779-2DEA2D8FE11B}.Release|Any CPU.Build.0 = Release|Any CPU
		{D6B2D1C1-8E50-4B74-A468-AF9BAA345815}.Debug|Any CPU.ActiveCfg = Debug|Any CPU
		{D6B2D1C1-8E50-4B74-A468-AF9BAA345815}.Debug|Any CPU.Build.0 = Debug|Any CPU
		{D6B2D1C1-8E50-4B74-A468-AF9BAA345815}.Release|Any CPU.ActiveCfg = Release|Any CPU
		{D6B2D1C1-8E50-4B74-A468-AF9BAA345815}.Release|Any CPU.Build.0 = Release|Any CPU
		{89DA19F3-A1F1-4621-A85F-ECAACD58822A}.Debug|Any CPU.ActiveCfg = Debug|Any CPU
		{89DA19F3-A1F1-4621-A85F-ECAACD58822A}.Debug|Any CPU.Build.0 = Debug|Any CPU
		{89DA19F3-A1F1-4621-A85F-ECAACD58822A}.Release|Any CPU.ActiveCfg = Release|Any CPU
		{89DA19F3-A1F1-4621-A85F-ECAACD58822A}.Release|Any CPU.Build.0 = Release|Any CPU
		{FECBABCD-708C-4792-B924-402CD924183B}.Debug|Any CPU.ActiveCfg = Debug|Any CPU
		{FECBABCD-708C-4792-B924-402CD924183B}.Debug|Any CPU.Build.0 = Debug|Any CPU
		{FECBABCD-708C-4792-B924-402CD924183B}.Release|Any CPU.ActiveCfg = Release|Any CPU
		{FECBABCD-708C-4792-B924-402CD924183B}.Release|Any CPU.Build.0 = Release|Any CPU
		{889DB3BC-ECDE-4DBD-A615-D19684922B17}.Debug|Any CPU.ActiveCfg = Debug|Any CPU
		{889DB3BC-ECDE-4DBD-A615-D19684922B17}.Debug|Any CPU.Build.0 = Debug|Any CPU
		{889DB3BC-ECDE-4DBD-A615-D19684922B17}.Release|Any CPU.ActiveCfg = Release|Any CPU
		{889DB3BC-ECDE-4DBD-A615-D19684922B17}.Release|Any CPU.Build.0 = Release|Any CPU
		{96053B5B-171C-4353-AA05-BD96DFF31DD1}.Debug|Any CPU.ActiveCfg = Debug|Any CPU
		{96053B5B-171C-4353-AA05-BD96DFF31DD1}.Debug|Any CPU.Build.0 = Debug|Any CPU
		{96053B5B-171C-4353-AA05-BD96DFF31DD1}.Release|Any CPU.ActiveCfg = Release|Any CPU
		{96053B5B-171C-4353-AA05-BD96DFF31DD1}.Release|Any CPU.Build.0 = Release|Any CPU
		{EF79D78D-1F92-45BC-8E71-CABD49179AA7}.Debug|Any CPU.ActiveCfg = Debug|Any CPU
		{EF79D78D-1F92-45BC-8E71-CABD49179AA7}.Debug|Any CPU.Build.0 = Debug|Any CPU
		{EF79D78D-1F92-45BC-8E71-CABD49179AA7}.Release|Any CPU.ActiveCfg = Release|Any CPU
		{EF79D78D-1F92-45BC-8E71-CABD49179AA7}.Release|Any CPU.Build.0 = Release|Any CPU
		{9A6B1630-3A78-4621-AC08-3D28419C27FF}.Debug|Any CPU.ActiveCfg = Debug|Any CPU
		{9A6B1630-3A78-4621-AC08-3D28419C27FF}.Debug|Any CPU.Build.0 = Debug|Any CPU
		{9A6B1630-3A78-4621-AC08-3D28419C27FF}.Release|Any CPU.ActiveCfg = Release|Any CPU
		{9A6B1630-3A78-4621-AC08-3D28419C27FF}.Release|Any CPU.Build.0 = Release|Any CPU
		{F2E87879-4927-4A6B-AAC1-922E2667AE17}.Debug|Any CPU.ActiveCfg = Debug|Any CPU
		{F2E87879-4927-4A6B-AAC1-922E2667AE17}.Debug|Any CPU.Build.0 = Debug|Any CPU
		{F2E87879-4927-4A6B-AAC1-922E2667AE17}.Release|Any CPU.ActiveCfg = Release|Any CPU
		{F2E87879-4927-4A6B-AAC1-922E2667AE17}.Release|Any CPU.Build.0 = Release|Any CPU
		{F72C8610-90E8-41C2-883E-153AFAC4C988}.Debug|Any CPU.ActiveCfg = Debug|Any CPU
		{F72C8610-90E8-41C2-883E-153AFAC4C988}.Debug|Any CPU.Build.0 = Debug|Any CPU
		{F72C8610-90E8-41C2-883E-153AFAC4C988}.Release|Any CPU.ActiveCfg = Release|Any CPU
		{F72C8610-90E8-41C2-883E-153AFAC4C988}.Release|Any CPU.Build.0 = Release|Any CPU
		{F6D1C82A-4DD9-4FAA-BC52-684135967FB4}.Debug|Any CPU.ActiveCfg = Debug|Any CPU
		{F6D1C82A-4DD9-4FAA-BC52-684135967FB4}.Debug|Any CPU.Build.0 = Debug|Any CPU
		{F6D1C82A-4DD9-4FAA-BC52-684135967FB4}.Release|Any CPU.ActiveCfg = Release|Any CPU
		{F6D1C82A-4DD9-4FAA-BC52-684135967FB4}.Release|Any CPU.Build.0 = Release|Any CPU
		{D97CF67E-1674-43F9-B930-2C3089A94957}.Debug|Any CPU.ActiveCfg = Debug|Any CPU
		{D97CF67E-1674-43F9-B930-2C3089A94957}.Debug|Any CPU.Build.0 = Debug|Any CPU
		{D97CF67E-1674-43F9-B930-2C3089A94957}.Release|Any CPU.ActiveCfg = Release|Any CPU
		{D97CF67E-1674-43F9-B930-2C3089A94957}.Release|Any CPU.Build.0 = Release|Any CPU
		{838C6D65-0449-4A28-A678-4980B6273037}.Debug|Any CPU.ActiveCfg = Debug|Any CPU
		{838C6D65-0449-4A28-A678-4980B6273037}.Debug|Any CPU.Build.0 = Debug|Any CPU
		{838C6D65-0449-4A28-A678-4980B6273037}.Release|Any CPU.ActiveCfg = Release|Any CPU
		{838C6D65-0449-4A28-A678-4980B6273037}.Release|Any CPU.Build.0 = Release|Any CPU
		{7921FF4D-EAC6-47B3-8147-2A466F65CE15}.Debug|Any CPU.ActiveCfg = Debug|Any CPU
		{7921FF4D-EAC6-47B3-8147-2A466F65CE15}.Debug|Any CPU.Build.0 = Debug|Any CPU
		{7921FF4D-EAC6-47B3-8147-2A466F65CE15}.Release|Any CPU.ActiveCfg = Release|Any CPU
		{7921FF4D-EAC6-47B3-8147-2A466F65CE15}.Release|Any CPU.Build.0 = Release|Any CPU
		{DDE58F76-9AA7-4608-8A59-157C99563515}.Debug|Any CPU.ActiveCfg = Debug|Any CPU
		{DDE58F76-9AA7-4608-8A59-157C99563515}.Debug|Any CPU.Build.0 = Debug|Any CPU
		{DDE58F76-9AA7-4608-8A59-157C99563515}.Release|Any CPU.ActiveCfg = Release|Any CPU
		{DDE58F76-9AA7-4608-8A59-157C99563515}.Release|Any CPU.Build.0 = Release|Any CPU
		{D79EDB5A-6F37-45D7-9FEC-76C096325108}.Debug|Any CPU.ActiveCfg = Debug|Any CPU
		{D79EDB5A-6F37-45D7-9FEC-76C096325108}.Debug|Any CPU.Build.0 = Debug|Any CPU
		{D79EDB5A-6F37-45D7-9FEC-76C096325108}.Release|Any CPU.ActiveCfg = Release|Any CPU
		{D79EDB5A-6F37-45D7-9FEC-76C096325108}.Release|Any CPU.Build.0 = Release|Any CPU
	EndGlobalSection
	GlobalSection(SolutionProperties) = preSolution
		HideSolutionNode = FALSE
	EndGlobalSection
	GlobalSection(NestedProjects) = preSolution
		{6BB5C0A0-43DA-4B57-A161-161A7D2B33B4} = {EE02FA73-5017-4778-8A38-D9554CD6A23F}
		{F4F5FB0E-C407-4D9B-AA79-C5214F4E73D8} = {EE02FA73-5017-4778-8A38-D9554CD6A23F}
		{69C9A32E-112E-4B07-81B3-E1BDF7B7C63D} = {EE02FA73-5017-4778-8A38-D9554CD6A23F}
		{779EE486-49A6-4087-9B77-3FD1E7D220B6} = {EE02FA73-5017-4778-8A38-D9554CD6A23F}
		{52229648-9B26-49F4-822A-BE94F3F64E92} = {EE02FA73-5017-4778-8A38-D9554CD6A23F}
		{B22D86B3-BF50-411C-BBCA-3B1530F71C75} = {426C85C3-6658-432C-AE3C-C32811E84328}
		{4D69A192-6F40-4A6A-BBB2-77EA1237C6AF} = {426C85C3-6658-432C-AE3C-C32811E84328}
		{B1B85E00-7FD1-4A84-BD27-9DB5A22AD5ED} = {426C85C3-6658-432C-AE3C-C32811E84328}
		{75B48372-5ACC-4CFF-99DD-8A798E499C54} = {426C85C3-6658-432C-AE3C-C32811E84328}
		{D6D0CA04-5C69-4853-BA12-2F40EFE73690} = {5E9616DE-9747-4D57-9BD0-72473D2EFD6E}
		{6AB67DAF-D832-4771-96A5-77E859E1F33D} = {5E9616DE-9747-4D57-9BD0-72473D2EFD6E}
		{F4C01D55-BC25-4374-8AF1-9090AE34B6B0} = {46BE15F6-C589-40F5-B5AF-CF0306DB9459}
		{FF12C81D-5AB1-4C26-8FA0-79C688F9D5C5} = {46BE15F6-C589-40F5-B5AF-CF0306DB9459}
		{38008732-6895-4FA9-B239-F366A5AD4ED2} = {46BE15F6-C589-40F5-B5AF-CF0306DB9459}
		{3AE96E4B-C09E-4325-B9A0-1E6763D82C6B} = {46BE15F6-C589-40F5-B5AF-CF0306DB9459}
		{738FC9FA-24F9-4B87-B63C-768B0D97F0FF} = {026215BC-BB8C-4454-A421-34047583FC01}
		{AF22D2A9-D404-448A-88DA-E52A86C00AD1} = {026215BC-BB8C-4454-A421-34047583FC01}
		{591BE359-2FE3-4B3B-A30D-D31651BA484D} = {8DE2D8B5-63F1-4616-8137-D2F135D63188}
		{FBA0D76F-C0BA-453A-97F3-2EF959F530B7} = {8DE2D8B5-63F1-4616-8137-D2F135D63188}
		{CF2F384A-7043-4476-8AAA-F1512E8831B2} = {8DE2D8B5-63F1-4616-8137-D2F135D63188}
		{4BEB1795-E735-4E86-B928-7C9ACA440D4C} = {8DE2D8B5-63F1-4616-8137-D2F135D63188}
		{2BFACDC3-F44D-4199-8498-F5C3C4AC0335} = {D685AAA2-55E1-45CF-AF8E-C9FC2EEA07FE}
		{E461C0A8-8900-485C-B520-E929BA33F712} = {D685AAA2-55E1-45CF-AF8E-C9FC2EEA07FE}
		{074507D6-0601-4336-8583-F29E52C3DE84} = {3B74048A-AC5D-4345-83BC-C3CA41D2649A}
		{DED4AD5A-0666-4CBC-A562-CC971822CB01} = {3B74048A-AC5D-4345-83BC-C3CA41D2649A}
		{96519D05-CCDB-4A59-A681-E6C4F0F9CD18} = {3B74048A-AC5D-4345-83BC-C3CA41D2649A}
		{F00620AF-88C5-48F7-AA91-F5DBC7FDC399} = {D37A3913-D8DD-47F0-AE36-65E76FE70A94}
		{AEDEBAF3-DAC7-4DA4-B779-2DEA2D8FE11B} = {D37A3913-D8DD-47F0-AE36-65E76FE70A94}
		{D6B2D1C1-8E50-4B74-A468-AF9BAA345815} = {D37A3913-D8DD-47F0-AE36-65E76FE70A94}
		{89DA19F3-A1F1-4621-A85F-ECAACD58822A} = {D37A3913-D8DD-47F0-AE36-65E76FE70A94}
		{FECBABCD-708C-4792-B924-402CD924183B} = {B6C5C4B2-1949-4406-8DE4-8D1E5AE42D3D}
		{889DB3BC-ECDE-4DBD-A615-D19684922B17} = {4CAA8632-CA3B-4953-B7F3-83AD9A3C7CD6}
		{96053B5B-171C-4353-AA05-BD96DFF31DD1} = {D1A4CD8C-A3A2-4D2E-B1A0-37F6EC183C25}
		{5B76A99F-0313-4068-9C70-B72378DEEC31} = {D1A4CD8C-A3A2-4D2E-B1A0-37F6EC183C25}
		{EF79D78D-1F92-45BC-8E71-CABD49179AA7} = {5B76A99F-0313-4068-9C70-B72378DEEC31}
		{9A6B1630-3A78-4621-AC08-3D28419C27FF} = {5B76A99F-0313-4068-9C70-B72378DEEC31}
		{F2E87879-4927-4A6B-AAC1-922E2667AE17} = {D1A4CD8C-A3A2-4D2E-B1A0-37F6EC183C25}
		{CFCA8344-85FE-4DCB-9268-A38AAB3A39C3} = {D1A4CD8C-A3A2-4D2E-B1A0-37F6EC183C25}
		{F72C8610-90E8-41C2-883E-153AFAC4C988} = {CFCA8344-85FE-4DCB-9268-A38AAB3A39C3}
		{F6D1C82A-4DD9-4FAA-BC52-684135967FB4} = {82725BE9-7572-4B4E-93D8-089CC2BDF37D}
		{D97CF67E-1674-43F9-B930-2C3089A94957} = {82725BE9-7572-4B4E-93D8-089CC2BDF37D}
		{838C6D65-0449-4A28-A678-4980B6273037} = {EDB82847-AD48-4544-BCFA-B42A20966775}
		{7921FF4D-EAC6-47B3-8147-2A466F65CE15} = {E3E8BFDB-3398-42EE-A4F6-5F167476DEE4}
		{DDE58F76-9AA7-4608-8A59-157C99563515} = {E3E8BFDB-3398-42EE-A4F6-5F167476DEE4}
		{D79EDB5A-6F37-45D7-9FEC-76C096325108} = {B2DEC83A-FEB8-4721-9CD4-B37A67400E98}
	EndGlobalSection
	GlobalSection(ExtensibilityGlobals) = postSolution
		SolutionGuid = {4198BCB8-43F0-4799-9D94-2C984A2F5458}
	EndGlobalSection
EndGlobal
