
Microsoft Visual Studio Solution File, Format Version 12.00
# Visual Studio Version 16
VisualStudioVersion = 16.0.32228.343
MinimumVisualStudioVersion = 10.0.40219.1
Project("{2150E333-8FDC-42A3-9474-1A3956D46DE8}") = "Chapter02", "Chapter02", "{EE02FA73-5017-4778-8A38-D9554CD6A23F}"
EndProject
Project("{FAE04EC0-301F-11D3-BF4B-00C04F79EFBC}") = "DistanceConverter", "Chapter02\DistanceConverter\DistanceConverter.csproj", "{6BB5C0A0-43DA-4B57-A161-161A7D2B33B4}"
EndProject
Project("{FAE04EC0-301F-11D3-BF4B-00C04F79EFBC}") = "SalesCalcuulater", "Chapter02\SalesCalcuulater\SalesCalcuulater.csproj", "{F4F5FB0E-C407-4D9B-AA79-C5214F4E73D8}"
EndProject
Project("{FAE04EC0-301F-11D3-BF4B-00C04F79EFBC}") = "Exercise", "Chapter02\Exercise\Exercise.csproj", "{69C9A32E-112E-4B07-81B3-E1BDF7B7C63D}"
EndProject
Project("{FAE04EC0-301F-11D3-BF4B-00C04F79EFBC}") = "Exercise02", "Chapter02\Exersise02\Exercise02.csproj", "{779EE486-49A6-4087-9B77-3FD1E7D220B6}"
EndProject
Project("{FAE04EC0-301F-11D3-BF4B-00C04F79EFBC}") = "Exercise03", "Chapter02\Exercise03\Exercise03.csproj", "{52229648-9B26-49F4-822A-BE94F3F64E92}"
EndProject
Project("{2150E333-8FDC-42A3-9474-1A3956D46DE8}") = "Chapter03", "Chapter03", "{426C85C3-6658-432C-AE3C-C32811E84328}"
EndProject
Project("{FAE04EC0-301F-11D3-BF4B-00C04F79EFBC}") = "Section01", "chapter03\Section01\Section01.csproj", "{B22D86B3-BF50-411C-BBCA-3B1530F71C75}"
EndProject
Project("{FAE04EC0-301F-11D3-BF4B-00C04F79EFBC}") = "Exercise01", "Chapter03\Exercise01\Exercise01.csproj", "{4D69A192-6F40-4A6A-BBB2-77EA1237C6AF}"
EndProject
Project("{FAE04EC0-301F-11D3-BF4B-00C04F79EFBC}") = "Section04", "Chapter03\Section04\Section04.csproj", "{B1B85E00-7FD1-4A84-BD27-9DB5A22AD5ED}"
EndProject
Project("{FAE04EC0-301F-11D3-BF4B-00C04F79EFBC}") = "Exercise02", "Chapter03\Exercise02\Exercise02.csproj", "{75B48372-5ACC-4CFF-99DD-8A798E499C54}"
EndProject
Global
	GlobalSection(SolutionConfigurationPlatforms) = preSolution
		Debug|Any CPU = Debug|Any CPU
		Release|Any CPU = Release|Any CPU
	EndGlobalSection
	GlobalSection(ProjectConfigurationPlatforms) = postSolution
		{6BB5C0A0-43DA-4B57-A161-161A7D2B33B4}.Debug|Any CPU.ActiveCfg = Debug|Any CPU
		{6BB5C0A0-43DA-4B57-A161-161A7D2B33B4}.Debug|Any CPU.Build.0 = Debug|Any CPU
		{6BB5C0A0-43DA-4B57-A161-161A7D2B33B4}.Release|Any CPU.ActiveCfg = Release|Any CPU
		{6BB5C0A0-43DA-4B57-A161-161A7D2B33B4}.Release|Any CPU.Build.0 = Release|Any CPU
		{F4F5FB0E-C407-4D9B-AA79-C5214F4E73D8}.Debug|Any CPU.ActiveCfg = Debug|Any CPU
		{F4F5FB0E-C407-4D9B-AA79-C5214F4E73D8}.Debug|Any CPU.Build.0 = Debug|Any CPU
		{F4F5FB0E-C407-4D9B-AA79-C5214F4E73D8}.Release|Any CPU.ActiveCfg = Release|Any CPU
		{F4F5FB0E-C407-4D9B-AA79-C5214F4E73D8}.Release|Any CPU.Build.0 = Release|Any CPU
		{69C9A32E-112E-4B07-81B3-E1BDF7B7C63D}.Debug|Any CPU.ActiveCfg = Debug|Any CPU
		{69C9A32E-112E-4B07-81B3-E1BDF7B7C63D}.Debug|Any CPU.Build.0 = Debug|Any CPU
		{69C9A32E-112E-4B07-81B3-E1BDF7B7C63D}.Release|Any CPU.ActiveCfg = Release|Any CPU
		{69C9A32E-112E-4B07-81B3-E1BDF7B7C63D}.Release|Any CPU.Build.0 = Release|Any CPU
		{779EE486-49A6-4087-9B77-3FD1E7D220B6}.Debug|Any CPU.ActiveCfg = Debug|Any CPU
		{779EE486-49A6-4087-9B77-3FD1E7D220B6}.Debug|Any CPU.Build.0 = Debug|Any CPU
		{779EE486-49A6-4087-9B77-3FD1E7D220B6}.Release|Any CPU.ActiveCfg = Release|Any CPU
		{779EE486-49A6-4087-9B77-3FD1E7D220B6}.Release|Any CPU.Build.0 = Release|Any CPU
		{52229648-9B26-49F4-822A-BE94F3F64E92}.Debug|Any CPU.ActiveCfg = Debug|Any CPU
		{52229648-9B26-49F4-822A-BE94F3F64E92}.Debug|Any CPU.Build.0 = Debug|Any CPU
		{52229648-9B26-49F4-822A-BE94F3F64E92}.Release|Any CPU.ActiveCfg = Release|Any CPU
		{52229648-9B26-49F4-822A-BE94F3F64E92}.Release|Any CPU.Build.0 = Release|Any CPU
		{B22D86B3-BF50-411C-BBCA-3B1530F71C75}.Debug|Any CPU.ActiveCfg = Debug|Any CPU
		{B22D86B3-BF50-411C-BBCA-3B1530F71C75}.Debug|Any CPU.Build.0 = Debug|Any CPU
		{B22D86B3-BF50-411C-BBCA-3B1530F71C75}.Release|Any CPU.ActiveCfg = Release|Any CPU
		{B22D86B3-BF50-411C-BBCA-3B1530F71C75}.Release|Any CPU.Build.0 = Release|Any CPU
		{4D69A192-6F40-4A6A-BBB2-77EA1237C6AF}.Debug|Any CPU.ActiveCfg = Debug|Any CPU
		{4D69A192-6F40-4A6A-BBB2-77EA1237C6AF}.Debug|Any CPU.Build.0 = Debug|Any CPU
		{4D69A192-6F40-4A6A-BBB2-77EA1237C6AF}.Release|Any CPU.ActiveCfg = Release|Any CPU
		{4D69A192-6F40-4A6A-BBB2-77EA1237C6AF}.Release|Any CPU.Build.0 = Release|Any CPU
		{B1B85E00-7FD1-4A84-BD27-9DB5A22AD5ED}.Debug|Any CPU.ActiveCfg = Debug|Any CPU
		{B1B85E00-7FD1-4A84-BD27-9DB5A22AD5ED}.Debug|Any CPU.Build.0 = Debug|Any CPU
		{B1B85E00-7FD1-4A84-BD27-9DB5A22AD5ED}.Release|Any CPU.ActiveCfg = Release|Any CPU
		{B1B85E00-7FD1-4A84-BD27-9DB5A22AD5ED}.Release|Any CPU.Build.0 = Release|Any CPU
		{75B48372-5ACC-4CFF-99DD-8A798E499C54}.Debug|Any CPU.ActiveCfg = Debug|Any CPU
		{75B48372-5ACC-4CFF-99DD-8A798E499C54}.Debug|Any CPU.Build.0 = Debug|Any CPU
		{75B48372-5ACC-4CFF-99DD-8A798E499C54}.Release|Any CPU.ActiveCfg = Release|Any CPU
		{75B48372-5ACC-4CFF-99DD-8A798E499C54}.Release|Any CPU.Build.0 = Release|Any CPU
	EndGlobalSection
	GlobalSection(SolutionProperties) = preSolution
		HideSolutionNode = FALSE
	EndGlobalSection
	GlobalSection(NestedProjects) = preSolution
		{6BB5C0A0-43DA-4B57-A161-161A7D2B33B4} = {EE02FA73-5017-4778-8A38-D9554CD6A23F}
		{F4F5FB0E-C407-4D9B-AA79-C5214F4E73D8} = {EE02FA73-5017-4778-8A38-D9554CD6A23F}
		{69C9A32E-112E-4B07-81B3-E1BDF7B7C63D} = {EE02FA73-5017-4778-8A38-D9554CD6A23F}
		{779EE486-49A6-4087-9B77-3FD1E7D220B6} = {EE02FA73-5017-4778-8A38-D9554CD6A23F}
		{52229648-9B26-49F4-822A-BE94F3F64E92} = {EE02FA73-5017-4778-8A38-D9554CD6A23F}
		{B22D86B3-BF50-411C-BBCA-3B1530F71C75} = {426C85C3-6658-432C-AE3C-C32811E84328}
		{4D69A192-6F40-4A6A-BBB2-77EA1237C6AF} = {426C85C3-6658-432C-AE3C-C32811E84328}
		{B1B85E00-7FD1-4A84-BD27-9DB5A22AD5ED} = {426C85C3-6658-432C-AE3C-C32811E84328}
		{75B48372-5ACC-4CFF-99DD-8A798E499C54} = {426C85C3-6658-432C-AE3C-C32811E84328}
	EndGlobalSection
	GlobalSection(ExtensibilityGlobals) = postSolution
		SolutionGuid = {4198BCB8-43F0-4799-9D94-2C984A2F5458}
	EndGlobalSection
EndGlobal
