
Microsoft Visual Studio Solution File, Format Version 12.00
# Visual Studio Version 16
VisualStudioVersion = 16.0.32228.343
MinimumVisualStudioVersion = 10.0.40219.1
Project("{FAE04EC0-301F-11D3-BF4B-00C04F79EFBC}") = "WpfImageSample", "WpfImageSample\WpfImageSample.csproj", "{F50C51E7-5CF6-4DF2-B86F-A1A597F614AF}"
EndProject
Global
	GlobalSection(SolutionConfigurationPlatforms) = preSolution
		Debug|Any CPU = Debug|Any CPU
		Release|Any CPU = Release|Any CPU
	EndGlobalSection
	GlobalSection(ProjectConfigurationPlatforms) = postSolution
		{F50C51E7-5CF6-4DF2-B86F-A1A597F614AF}.Debug|Any CPU.ActiveCfg = Debug|Any CPU
		{F50C51E7-5CF6-4DF2-B86F-A1A597F614AF}.Debug|Any CPU.Build.0 = Debug|Any CPU
		{F50C51E7-5CF6-4DF2-B86F-A1A597F614AF}.Release|Any CPU.ActiveCfg = Release|Any CPU
		{F50C51E7-5CF6-4DF2-B86F-A1A597F614AF}.Release|Any CPU.Build.0 = Release|Any CPU
	EndGlobalSection
	GlobalSection(SolutionProperties) = preSolution
		HideSolutionNode = FALSE
	EndGlobalSection
	GlobalSection(ExtensibilityGlobals) = postSolution
		SolutionGuid = {CF456E28-15D0-4E2F-8A11-2332BF0DF98B}
	EndGlobalSection
EndGlobal
